
Microsoft Visual Studio Solution File, Format Version 12.00
# Visual Studio Version 17
VisualStudioVersion = 17.0.31903.59
MinimumVisualStudioVersion = 10.0.40219.1
Project("{2150E333-8FDC-42A3-9474-1A3956D46DE8}") = "src", "src", "{5F2061C9-98C0-4C46-A7BB-57CE1F9F8072}"
EndProject
Project("{2150E333-8FDC-42A3-9474-1A3956D46DE8}") = "Api", "Api", "{471A4284-C63D-4499-B4F2-7E9F3C814650}"
EndProject
Project("{FAE04EC0-301F-11D3-BF4B-00C04F79EFBC}") = "DreamRoomsApi", "src\Api\DreamRoomsApi\DreamRoomsApi.csproj", "{412F0133-0601-493C-A985-A91A511A8784}"
EndProject
Project("{2150E333-8FDC-42A3-9474-1A3956D46DE8}") = "Modules", "Modules", "{4FBEB616-7A66-44E7-B86C-07C405E510A3}"
EndProject
Project("{2150E333-8FDC-42A3-9474-1A3956D46DE8}") = "Users", "Users", "{3EF29EDE-9E2A-4896-BBC2-B58D13150A81}"
EndProject
Project("{FAE04EC0-301F-11D3-BF4B-00C04F79EFBC}") = "Users.Core", "src\Modules\Users\Users.Core\Users.Core.csproj", "{44DBF277-8317-4608-BA27-64A5D466B0EE}"
EndProject
Project("{FAE04EC0-301F-11D3-BF4B-00C04F79EFBC}") = "Users.Contracts", "src\Modules\Users\Users.Contracts\Users.Contracts.csproj", "{44E6E44C-8C2E-439F-B615-A778BCBF6F7B}"
EndProject
Global
	GlobalSection(SolutionConfigurationPlatforms) = preSolution
		Debug|Any CPU = Debug|Any CPU
		Release|Any CPU = Release|Any CPU
	EndGlobalSection
	GlobalSection(SolutionProperties) = preSolution
		HideSolutionNode = FALSE
	EndGlobalSection
	GlobalSection(ProjectConfigurationPlatforms) = postSolution
		{412F0133-0601-493C-A985-A91A511A8784}.Debug|Any CPU.ActiveCfg = Debug|Any CPU
		{412F0133-0601-493C-A985-A91A511A8784}.Debug|Any CPU.Build.0 = Debug|Any CPU
		{412F0133-0601-493C-A985-A91A511A8784}.Release|Any CPU.ActiveCfg = Release|Any CPU
		{412F0133-0601-493C-A985-A91A511A8784}.Release|Any CPU.Build.0 = Release|Any CPU
		{44DBF277-8317-4608-BA27-64A5D466B0EE}.Debug|Any CPU.ActiveCfg = Debug|Any CPU
		{44DBF277-8317-4608-BA27-64A5D466B0EE}.Debug|Any CPU.Build.0 = Debug|Any CPU
		{44DBF277-8317-4608-BA27-64A5D466B0EE}.Release|Any CPU.ActiveCfg = Release|Any CPU
		{44DBF277-8317-4608-BA27-64A5D466B0EE}.Release|Any CPU.Build.0 = Release|Any CPU
		{44E6E44C-8C2E-439F-B615-A778BCBF6F7B}.Debug|Any CPU.ActiveCfg = Debug|Any CPU
		{44E6E44C-8C2E-439F-B615-A778BCBF6F7B}.Debug|Any CPU.Build.0 = Debug|Any CPU
		{44E6E44C-8C2E-439F-B615-A778BCBF6F7B}.Release|Any CPU.ActiveCfg = Release|Any CPU
		{44E6E44C-8C2E-439F-B615-A778BCBF6F7B}.Release|Any CPU.Build.0 = Release|Any CPU
	EndGlobalSection
	GlobalSection(NestedProjects) = preSolution
		{471A4284-C63D-4499-B4F2-7E9F3C814650} = {5F2061C9-98C0-4C46-A7BB-57CE1F9F8072}
		{412F0133-0601-493C-A985-A91A511A8784} = {471A4284-C63D-4499-B4F2-7E9F3C814650}
		{4FBEB616-7A66-44E7-B86C-07C405E510A3} = {5F2061C9-98C0-4C46-A7BB-57CE1F9F8072}
		{3EF29EDE-9E2A-4896-BBC2-B58D13150A81} = {4FBEB616-7A66-44E7-B86C-07C405E510A3}
		{44DBF277-8317-4608-BA27-64A5D466B0EE} = {3EF29EDE-9E2A-4896-BBC2-B58D13150A81}
		{44E6E44C-8C2E-439F-B615-A778BCBF6F7B} = {3EF29EDE-9E2A-4896-BBC2-B58D13150A81}
	EndGlobalSection
EndGlobal
